
Microsoft Visual Studio Solution File, Format Version 12.00
# Visual Studio Version 17
VisualStudioVersion = 17.4.33205.214
MinimumVisualStudioVersion = 10.0.40219.1
Project("{FAE04EC0-301F-11D3-BF4B-00C04F79EFBC}") = "WpfApp1", "WpfApp1\WpfApp1.csproj", "{FFD6D721-663C-4E2A-BA78-B08FAC78CB68}"
EndProject
Global
	GlobalSection(SolutionConfigurationPlatforms) = preSolution
		Debug|Any CPU = Debug|Any CPU
		Release|Any CPU = Release|Any CPU
	EndGlobalSection
	GlobalSection(ProjectConfigurationPlatforms) = postSolution
		{FFD6D721-663C-4E2A-BA78-B08FAC78CB68}.Debug|Any CPU.ActiveCfg = Debug|Any CPU
		{FFD6D721-663C-4E2A-BA78-B08FAC78CB68}.Debug|Any CPU.Build.0 = Debug|Any CPU
		{FFD6D721-663C-4E2A-BA78-B08FAC78CB68}.Release|Any CPU.ActiveCfg = Release|Any CPU
		{FFD6D721-663C-4E2A-BA78-B08FAC78CB68}.Release|Any CPU.Build.0 = Release|Any CPU
	EndGlobalSection
	GlobalSection(SolutionProperties) = preSolution
		HideSolutionNode = FALSE
	EndGlobalSection
	GlobalSection(ExtensibilityGlobals) = postSolution
		SolutionGuid = {F3D9CC9F-9ECB-4DBF-9222-EE4389E59E92}
	EndGlobalSection
EndGlobal
